PODS:
  - ComposeApp (1.0):
    - YandexMapsMobile (~> 4.14.0-lite)
  - YandexMapsMobile (4.14.0-navikit)

DEPENDENCIES:
  - ComposeApp (from `../composeApp`)

SPEC REPOS:
  trunk:
    - YandexMapsMobile

EXTERNAL SOURCES:
  ComposeApp:
    :path: "../composeApp"

SPEC CHECKSUMS:
  ComposeApp: eae87c0baf548a9abf8e748894a8b17d84eaf725
  YandexMapsMobile: 2613b6b2f5a91c82cc05f0aff6177c62f47240b1

PODFILE CHECKSUM: 0bc5a3ef7f1e579cd037f88aa71d54a6ad178527

COCOAPODS: 1.16.2
